// !$*UTF8*$!
{
	archiveVersion = 1;
	classes = {
	};
	objectVersion = 48;
	objects = {

/* Begin PBXBuildFile section */
		C078FF391FC425A000D44D86 /* AppDelegate.swift in Sources */ = {isa = PBXBuildFile; fileRef = C078FF381FC425A000D44D86 /* AppDelegate.swift */; };
		C078FF3B1FC425A000D44D86 /* ViewController.swift in Sources */ = {isa = PBXBuildFile; fileRef = C078FF3A1FC425A000D44D86 /* ViewController.swift */; };
		C078FF3E1FC425A000D44D86 /* Main.storyboard in Resources */ = {isa = PBXBuildFile; fileRef = C078FF3C1FC425A000D44D86 /* Main.storyboard */; };
		C078FF401FC425A000D44D86 /* Assets.xcassets in Resources */ = {isa = PBXBuildFile; fileRef = C078FF3F1FC425A000D44D86 /* Assets.xcassets */; };
		C078FF431FC425A000D44D86 /* LaunchScreen.storyboard in Resources */ = {isa = PBXBuildFile; fileRef = C078FF411FC425A000D44D86 /* LaunchScreen.storyboard */; };
		C078FF4B1FC425E200D44D86 /* GlowCollectionViewController.swift in Sources */ = {isa = PBXBuildFile; fileRef = C078FF4A1FC425E200D44D86 /* GlowCollectionViewController.swift */; };
		C078FF4E1FC4277100D44D86 /* GlowCollectionViewCell.swift in Sources */ = {isa = PBXBuildFile; fileRef = C078FF4D1FC4277100D44D86 /* GlowCollectionViewCell.swift */; };
		C078FF501FC4390400D44D86 /* GlowLayout.swift in Sources */ = {isa = PBXBuildFile; fileRef = C078FF4F1FC4390400D44D86 /* GlowLayout.swift */; };
/* End PBXBuildFile section */

/* Begin PBXFileReference section */
		C078FF351FC425A000D44D86 /* GlowCollection.app */ = {isa = PBXFileReference; explicitFileType = wrapper.application; includeInIndex = 0; path = GlowCollection.app; sourceTree = BUILT_PRODUCTS_DIR; };
		C078FF381FC425A000D44D86 /* AppDelegate.swift */ = {isa = PBXFileReference; lastKnownFileType = sourcecode.swift; path = AppDelegate.swift; sourceTree = "<group>"; };
		C078FF3A1FC425A000D44D86 /* ViewController.swift */ = {isa = PBXFileReference; lastKnownFileType = sourcecode.swift; path = ViewController.swift; sourceTree = "<group>"; };
		C078FF3D1FC425A000D44D86 /* Base */ = {isa = PBXFileReference; lastKnownFileType = file.storyboard; name = Base; path = Base.lproj/Main.storyboard; sourceTree = "<group>"; };
		C078FF3F1FC425A000D44D86 /* Assets.xcassets */ = {isa = PBXFileReference; lastKnownFileType = folder.assetcatalog; path = Assets.xcassets; sourceTree = "<group>"; };
		C078FF421FC425A000D44D86 /* Base */ = {isa = PBXFileReference; lastKnownFileType = file.storyboard; name = Base; path = Base.lproj/LaunchScreen.storyboard; sourceTree = "<group>"; };
		C078FF441FC425A000D44D86 /* Info.plist */ = {isa = PBXFileReference; lastKnownFileType = text.plist.xml; path = Info.plist; sourceTree = "<group>"; };
		C078FF4A1FC425E200D44D86 /* GlowCollectionViewController.swift */ = {isa = PBXFileReference; lastKnownFileType = sourcecode.swift; path = GlowCollectionViewController.swift; sourceTree = "<group>"; };
		C078FF4D1FC4277100D44D86 /* GlowCollectionViewCell.swift */ = {isa = PBXFileReference; lastKnownFileType = sourcecode.swift; path = GlowCollectionViewCell.swift; sourceTree = "<group>"; };
		C078FF4F1FC4390400D44D86 /* GlowLayout.swift */ = {isa = PBXFileReference; lastKnownFileType = sourcecode.swift; path = GlowLayout.swift; sourceTree = "<group>"; };
/* End PBXFileReference section */

/* Begin PBXFrameworksBuildPhase section */
		C078FF321FC425A000D44D86 /* Frameworks */ = {
			isa = PBXFrameworksBuildPhase;
			buildActionMask = 2147483647;
			files = (
			);
			runOnlyForDeploymentPostprocessing = 0;
		};
/* End PBXFrameworksBuildPhase section */

/* Begin PBXGroup section */
		C078FF2C1FC425A000D44D86 = {
			isa = PBXGroup;
			children = (
				C078FF371FC425A000D44D86 /* GlowCollection */,
				C078FF361FC425A000D44D86 /* Products */,
			);
			sourceTree = "<group>";
		};
		C078FF361FC425A000D44D86 /* Products */ = {
			isa = PBXGroup;
			children = (
				C078FF351FC425A000D44D86 /* GlowCollection.app */,
			);
			name = Products;
			sourceTree = "<group>";
		};
		C078FF371FC425A000D44D86 /* GlowCollection */ = {
			isa = PBXGroup;
			children = (
				C078FF381FC425A000D44D86 /* AppDelegate.swift */,
				C078FF3A1FC425A000D44D86 /* ViewController.swift */,
				C078FF4C1FC4273A00D44D86 /* Glow */,
				C078FF3C1FC425A000D44D86 /* Main.storyboard */,
				C078FF3F1FC425A000D44D86 /* Assets.xcassets */,
				C078FF411FC425A000D44D86 /* LaunchScreen.storyboard */,
				C078FF441FC425A000D44D86 /* Info.plist */,
			);
			path = GlowCollection;
			sourceTree = "<group>";
		};
		C078FF4C1FC4273A00D44D86 /* Glow */ = {
			isa = PBXGroup;
			children = (
				C078FF4A1FC425E200D44D86 /* GlowCollectionViewController.swift */,
				C078FF4D1FC4277100D44D86 /* GlowCollectionViewCell.swift */,
				C078FF4F1FC4390400D44D86 /* GlowLayout.swift */,
			);
			path = Glow;
			sourceTree = "<group>";
		};
/* End PBXGroup section */

/* Begin PBXNativeTarget section */
		C078FF341FC425A000D44D86 /* GlowCollection */ = {
			isa = PBXNativeTarget;
			buildConfigurationList = C078FF471FC425A000D44D86 /* Build configuration list for PBXNativeTarget "GlowCollection" */;
			buildPhases = (
				C078FF311FC425A000D44D86 /* Sources */,
				C078FF321FC425A000D44D86 /* Frameworks */,
				C078FF331FC425A000D44D86 /* Resources */,
			);
			buildRules = (
			);
			dependencies = (
			);
			name = GlowCollection;
			productName = GlowCollection;
			productReference = C078FF351FC425A000D44D86 /* GlowCollection.app */;
			productType = "com.apple.product-type.application";
		};
/* End PBXNativeTarget section */

/* Begin PBXProject section */
		C078FF2D1FC425A000D44D86 /* Project object */ = {
			isa = PBXProject;
			attributes = {
				LastSwiftUpdateCheck = 0910;
				LastUpgradeCheck = 0910;
				ORGANIZATIONNAME = iCapps;
				TargetAttributes = {
					C078FF341FC425A000D44D86 = {
						CreatedOnToolsVersion = 9.1;
						ProvisioningStyle = Automatic;
					};
				};
			};
			buildConfigurationList = C078FF301FC425A000D44D86 /* Build configuration list for PBXProject "GlowCollection" */;
			compatibilityVersion = "Xcode 8.0";
			developmentRegion = en;
			hasScannedForEncodings = 0;
			knownRegions = (
				en,
				Base,
			);
			mainGroup = C078FF2C1FC425A000D44D86;
			productRefGroup = C078FF361FC425A000D44D86 /* Products */;
			projectDirPath = "";
			projectRoot = "";
			targets = (
				C078FF341FC425A000D44D86 /* GlowCollection */,
			);
		};
/* End PBXProject section */

/* Begin PBXResourcesBuildPhase section */
		C078FF331FC425A000D44D86 /* Resources */ = {
			isa = PBXResourcesBuildPhase;
			buildActionMask = 2147483647;
			files = (
				C078FF431FC425A000D44D86 /* LaunchScreen.storyboard in Resources */,
				C078FF401FC425A000D44D86 /* Assets.xcassets in Resources */,
				C078FF3E1FC425A000D44D86 /* Main.storyboard in Resources */,
			);
			runOnlyForDeploymentPostprocessing = 0;
		};
/* End PBXResourcesBuildPhase section */

/* Begin PBXSourcesBuildPhase section */
		C078FF311FC425A000D44D86 /* Sources */ = {
			isa = PBXSourcesBuildPhase;
			buildActionMask = 2147483647;
			files = (
				C078FF3B1FC425A000D44D86 /* ViewController.swift in Sources */,
				C078FF391FC425A000D44D86 /* AppDelegate.swift in Sources */,
				C078FF4B1FC425E200D44D86 /* GlowCollectionViewController.swift in Sources */,
				C078FF501FC4390400D44D86 /* GlowLayout.swift in Sources */,
				C078FF4E1FC4277100D44D86 /* GlowCollectionViewCell.swift in Sources */,
			);
			runOnlyForDeploymentPostprocessing = 0;
		};
/* End PBXSourcesBuildPhase section */

/* Begin PBXVariantGroup section */
		C078FF3C1FC425A000D44D86 /* Main.storyboard */ = {
			isa = PBXVariantGroup;
			children = (
				C078FF3D1FC425A000D44D86 /* Base */,
			);
			name = Main.storyboard;
			sourceTree = "<group>";
		};
		C078FF411FC425A000D44D86 /* LaunchScreen.storyboard */ = {
			isa = PBXVariantGroup;
			children = (
				C078FF421FC425A000D44D86 /* Base */,
			);
			name = LaunchScreen.storyboard;
			sourceTree = "<group>";
		};
/* End PBXVariantGroup section */

/* Begin XCBuildConfiguration section */
		C078FF451FC425A000D44D86 /* Debug */ = {
			isa = XCBuildConfiguration;
			buildSettings = {
				ALWAYS_SEARCH_USER_PATHS = NO;
				CLANG_ANALYZER_NONNULL = YES;
				CLANG_ANALYZER_NUMBER_OBJECT_CONVERSION = YES_AGGRESSIVE;
				CLANG_CXX_LANGUAGE_STANDARD = "gnu++14";
				CLANG_CXX_LIBRARY = "libc++";
				CLANG_ENABLE_MODULES = YES;
				CLANG_ENABLE_OBJC_ARC = YES;
				CLANG_WARN_BLOCK_CAPTURE_AUTORELEASING = YES;
				CLANG_WARN_BOOL_CONVERSION = YES;
				CLANG_WARN_COMMA = YES;
				CLANG_WARN_CONSTANT_CONVERSION = YES;
				CLANG_WARN_DIRECT_OBJC_ISA_USAGE = YES_ERROR;
				CLANG_WARN_DOCUMENTATION_COMMENTS = YES;
				CLANG_WARN_EMPTY_BODY = YES;
				CLANG_WARN_ENUM_CONVERSION = YES;
				CLANG_WARN_INFINITE_RECURSION = YES;
				CLANG_WARN_INT_CONVERSION = YES;
				CLANG_WARN_NON_LITERAL_NULL_CONVERSION = YES;
				CLANG_WARN_OBJC_LITERAL_CONVERSION = YES;
				CLANG_WARN_OBJC_ROOT_CLASS = YES_ERROR;
				CLANG_WARN_RANGE_LOOP_ANALYSIS = YES;
				CLANG_WARN_STRICT_PROTOTYPES = YES;
				CLANG_WARN_SUSPICIOUS_MOVE = YES;
				CLANG_WARN_UNGUARDED_AVAILABILITY = YES_AGGRESSIVE;
				CLANG_WARN_UNREACHABLE_CODE = YES;
				CLANG_WARN__DUPLICATE_METHOD_MATCH = YES;
				CODE_SIGN_IDENTITY = "iPhone Developer";
				COPY_PHASE_STRIP = NO;
				DEBUG_INFORMATION_FORMAT = dwarf;
				ENABLE_STRICT_OBJC_MSGSEND = YES;
				ENABLE_TESTABILITY = YES;
				GCC_C_LANGUAGE_STANDARD = gnu11;
				GCC_DYNAMIC_NO_PIC = NO;
				GCC_NO_COMMON_BLOCKS = YES;
				GCC_OPTIMIZATION_LEVEL = 0;
				GCC_PREPROCESSOR_DEFINITIONS = (
					"DEBUG=1",
					"$(inherited)",
				);
				GCC_WARN_64_TO_32_BIT_CONVERSION = YES;
				GCC_WARN_ABOUT_RETURN_TYPE = YES_ERROR;
				GCC_WARN_UNDECLARED_SELECTOR = YES;
				GCC_WARN_UNINITIALIZED_AUTOS = YES_AGGRESSIVE;
				GCC_WARN_UNUSED_FUNCTION = YES;
				GCC_WARN_UNUSED_VARIABLE = YES;
				IPHONEOS_DEPLOYMENT_TARGET = 11.1;
				MTL_ENABLE_DEBUG_INFO = YES;
				ONLY_ACTIVE_ARCH = YES;
				SDKROOT = iphoneos;
				SWIFT_ACTIVE_COMPILATION_CONDITIONS = DEBUG;
				SWIFT_OPTIMIZATION_LEVEL = "-Onone";
			};
			name = Debug;
		};
		C078FF461FC425A000D44D86 /* Release */ = {
			isa = XCBuildConfiguration;
			buildSettings = {
				ALWAYS_SEARCH_USER_PATHS = NO;
				CLANG_ANALYZER_NONNULL = YES;
				CLANG_ANALYZER_NUMBER_OBJECT_CONVERSION = YES_AGGRESSIVE;
				CLANG_CXX_LANGUAGE_STANDARD = "gnu++14";
				CLANG_CXX_LIBRARY = "libc++";
				CLANG_ENABLE_MODULES = YES;
				CLANG_ENABLE_OBJC_ARC = YES;
				CLANG_WARN_BLOCK_CAPTURE_AUTORELEASING = YES;
				CLANG_WARN_BOOL_CONVERSION = YES;
				CLANG_WARN_COMMA = YES;
				CLANG_WARN_CONSTANT_CONVERSION = YES;
				CLANG_WARN_DIRECT_OBJC_ISA_USAGE = YES_ERROR;
				CLANG_WARN_DOCUMENTATION_COMMENTS = YES;
				CLANG_WARN_EMPTY_BODY = YES;
				CLANG_WARN_ENUM_CONVERSION = YES;
				CLANG_WARN_INFINITE_RECURSION = YES;
				CLANG_WARN_INT_CONVERSION = YES;
				CLANG_WARN_NON_LITERAL_NULL_CONVERSION = YES;
				CLANG_WARN_OBJC_LITERAL_CONVERSION = YES;
				CLANG_WARN_OBJC_ROOT_CLASS = YES_ERROR;
				CLANG_WARN_RANGE_LOOP_ANALYSIS = YES;
				CLANG_WARN_STRICT_PROTOTYPES = YES;
				CLANG_WARN_SUSPICIOUS_MOVE = YES;
				CLANG_WARN_UNGUARDED_AVAILABILITY = YES_AGGRESSIVE;
				CLANG_WARN_UNREACHABLE_CODE = YES;
				CLANG_WARN__DUPLICATE_METHOD_MATCH = YES;
				CODE_SIGN_IDENTITY = "iPhone Developer";
				COPY_PHASE_STRIP = NO;
				DEBUG_INFORMATION_FORMAT = "dwarf-with-dsym";
				ENABLE_NS_ASSERTIONS = NO;
				ENABLE_STRICT_OBJC_MSGSEND = YES;
				GCC_C_LANGUAGE_STANDARD = gnu11;
				GCC_NO_COMMON_BLOCKS = YES;
				GCC_WARN_64_TO_32_BIT_CONVERSION = YES;
				GCC_WARN_ABOUT_RETURN_TYPE = YES_ERROR;
				GCC_WARN_UNDECLARED_SELECTOR = YES;
				GCC_WARN_UNINITIALIZED_AUTOS = YES_AGGRESSIVE;
				GCC_WARN_UNUSED_FUNCTION = YES;
				GCC_WARN_UNUSED_VARIABLE = YES;
				IPHONEOS_DEPLOYMENT_TARGET = 11.1;
				MTL_ENABLE_DEBUG_INFO = NO;
				SDKROOT = iphoneos;
				SWIFT_OPTIMIZATION_LEVEL = "-Owholemodule";
				VALIDATE_PRODUCT = YES;
			};
			name = Release;
		};
		C078FF481FC425A000D44D86 /* Debug */ = {
			isa = XCBuildConfiguration;
			buildSettings = {
				ASSETCATALOG_COMPILER_APPICON_NAME = AppIcon;
				CODE_SIGN_STYLE = Automatic;
				DEVELOPMENT_TEAM = NE8H673N63;
				INFOPLIST_FILE = GlowCollection/Info.plist;
				LD_RUNPATH_SEARCH_PATHS = "$(inherited) @executable_path/Frameworks";
				PRODUCT_BUNDLE_IDENTIFIER = com.icapps.GlowCollection;
				PRODUCT_NAME = "$(TARGET_NAME)";
				SWIFT_VERSION = 4.0;
				TARGETED_DEVICE_FAMILY = "1,2";
			};
			name = Debug;
		};
		C078FF491FC425A000D44D86 /* Release */ = {
			isa = XCBuildConfiguration;
			buildSettings = {
				ASSETCATALOG_COMPILER_APPICON_NAME = AppIcon;
				CODE_SIGN_STYLE = Automatic;
				DEVELOPMENT_TEAM = NE8H673N63;
				INFOPLIST_FILE = GlowCollection/Info.plist;
				LD_RUNPATH_SEARCH_PATHS = "$(inherited) @executable_path/Frameworks";
				PRODUCT_BUNDLE_IDENTIFIER = com.icapps.GlowCollection;
				PRODUCT_NAME = "$(TARGET_NAME)";
				SWIFT_VERSION = 4.0;
				TARGETED_DEVICE_FAMILY = "1,2";
			};
			name = Release;
		};
/* End XCBuildConfiguration section */

/* Begin XCConfigurationList section */
		C078FF301FC425A000D44D86 /* Build configuration list for PBXProject "GlowCollection" */ = {
			isa = XCConfigurationList;
			buildConfigurations = (
				C078FF451FC425A000D44D86 /* Debug */,
				C078FF461FC425A000D44D86 /* Release */,
			);
			defaultConfigurationIsVisible = 0;
			defaultConfigurationName = Release;
		};
		C078FF471FC425A000D44D86 /* Build configuration list for PBXNativeTarget "GlowCollection" */ = {
			isa = XCConfigurationList;
			buildConfigurations = (
				C078FF481FC425A000D44D86 /* Debug */,
				C078FF491FC425A000D44D86 /* Release */,
			);
			defaultConfigurationIsVisible = 0;
			defaultConfigurationName = Release;
		};
/* End XCConfigurationList section */
	};
	rootObject = C078FF2D1FC425A000D44D86 /* Project object */;
}
